// !$*UTF8*$!
{
	archiveVersion = 1;
	classes = {
	};
	objectVersion = 55;
	objects = {

/* Begin PBXBuildFile section */
		86109F7127F3774800F4201A /* Localizable.stringsdict in Resources */ = {isa = PBXBuildFile; fileRef = 86109F7027F3774800F4201A /* Localizable.stringsdict */; };
		8656433D27E112FD0033FD01 /* AppDelegate.swift in Sources */ = {isa = PBXBuildFile; fileRef = 8656433C27E112FD0033FD01 /* AppDelegate.swift */; };
		8656434627E112FD0033FD01 /* Assets.xcassets in Resources */ = {isa = PBXBuildFile; fileRef = 8656434527E112FD0033FD01 /* Assets.xcassets */; };
		E069B0D73AF92C316DA52CC7 /* FeedTableViewController.swift in Sources */ = {isa = PBXBuildFile; fileRef = E069B7A1626FEE3F5FEBA00A /* FeedTableViewController.swift */; };
		E069B1739B81C3352873DC39 /* SetOnClickListener.swift in Sources */ = {isa = PBXBuildFile; fileRef = E069B53AB0EAA5A8F231462A /* SetOnClickListener.swift */; };
		E069B2E6CEBAB66E954D07ED /* Config.swift in Sources */ = {isa = PBXBuildFile; fileRef = E069B82527A9E90051A0F22F /* Config.swift */; };
		E069B45431C2D5A19BDB540D /* HeartButton.swift in Sources */ = {isa = PBXBuildFile; fileRef = E069BD771D35F9B39E6C58BD /* HeartButton.swift */; };
		E069B4991B1FE6746447097E /* Feed.swift in Sources */ = {isa = PBXBuildFile; fileRef = E069BA806535DCE9265277BF /* Feed.swift */; };
		E069B59B3BC3CD32FD680541 /* Request.swift in Sources */ = {isa = PBXBuildFile; fileRef = E069BBF6E02514365CCCC3EC /* Request.swift */; };
		E069B72D296172FE76B19289 /* CommentViewController.swift in Sources */ = {isa = PBXBuildFile; fileRef = E069B3B3A9493504B7490CBB /* CommentViewController.swift */; };
		E069B77313A0DD1DC874D304 /* SpinnerViewController.swift in Sources */ = {isa = PBXBuildFile; fileRef = E069BFDF7118CDCD0B74B5F3 /* SpinnerViewController.swift */; };
		E069B8D0FF77897366AA7078 /* APIClient.swift in Sources */ = {isa = PBXBuildFile; fileRef = E069B191E76A3200AF3D33F4 /* APIClient.swift */; };
		E069BBE392234472837C1B42 /* Resize.swift in Sources */ = {isa = PBXBuildFile; fileRef = E069B978F0D15820D3409508 /* Resize.swift */; };
		E069BDAADA6E21CEE8026C57 /* Flash.swift in Sources */ = {isa = PBXBuildFile; fileRef = E069BC616B13B80C1305A9DB /* Flash.swift */; };
		E069BE4C09EA86E4980ABE3C /* Helpers.swift in Sources */ = {isa = PBXBuildFile; fileRef = E069B954A24D92AA62995DEC /* Helpers.swift */; };
		E069BE596E674049DA7ED48C /* GetHeartPath.swift in Sources */ = {isa = PBXBuildFile; fileRef = E069B754E38B35B985710324 /* GetHeartPath.swift */; };
		E069BF2CE8C2BC23DA5CA58C /* CommentTableCell.swift in Sources */ = {isa = PBXBuildFile; fileRef = E069B84DF2D718B38B66B3D6 /* CommentTableCell.swift */; };
		E069BFD5BEAB25A4BAF25AA1 /* .gitignore in Resources */ = {isa = PBXBuildFile; fileRef = E069B242701B6390037C9ADD /* .gitignore */; };
		E069BFFD2D9B4D0D40DF9FBD /* FeedTableCell.swift in Sources */ = {isa = PBXBuildFile; fileRef = E069B11BA2B9B16AA97D82D1 /* FeedTableCell.swift */; };
/* End PBXBuildFile section */

/* Begin PBXFileReference section */
		86109F7027F3774800F4201A /* Localizable.stringsdict */ = {isa = PBXFileReference; lastKnownFileType = text.plist.stringsdict; path = Localizable.stringsdict; sourceTree = "<group>"; };
		8656433927E112FD0033FD01 /* moment.app */ = {isa = PBXFileReference; explicitFileType = wrapper.application; includeInIndex = 0; path = moment.app; sourceTree = BUILT_PRODUCTS_DIR; };
		8656433C27E112FD0033FD01 /* AppDelegate.swift */ = {isa = PBXFileReference; lastKnownFileType = sourcecode.swift; path = AppDelegate.swift; sourceTree = "<group>"; };
		8656434527E112FD0033FD01 /* Assets.xcassets */ = {isa = PBXFileReference; lastKnownFileType = folder.assetcatalog; path = Assets.xcassets; sourceTree = "<group>"; };
		8656434A27E112FD0033FD01 /* Info.plist */ = {isa = PBXFileReference; lastKnownFileType = text.plist.xml; path = Info.plist; sourceTree = "<group>"; };
		E069B11BA2B9B16AA97D82D1 /* FeedTableCell.swift */ = {isa = PBXFileReference; fileEncoding = 4; lastKnownFileType = sourcecode.swift; path = FeedTableCell.swift; sourceTree = "<group>"; };
		E069B191E76A3200AF3D33F4 /* APIClient.swift */ = {isa = PBXFileReference; fileEncoding = 4; lastKnownFileType = sourcecode.swift; path = APIClient.swift; sourceTree = "<group>"; };
		E069B242701B6390037C9ADD /* .gitignore */ = {isa = PBXFileReference; lastKnownFileType = file.gitignore; path = .gitignore; sourceTree = "<group>"; };
		E069B3B3A9493504B7490CBB /* CommentViewController.swift */ = {isa = PBXFileReference; fileEncoding = 4; lastKnownFileType = sourcecode.swift; path = CommentViewController.swift; sourceTree = "<group>"; };
		E069B53AB0EAA5A8F231462A /* SetOnClickListener.swift */ = {isa = PBXFileReference; fileEncoding = 4; lastKnownFileType = sourcecode.swift; path = SetOnClickListener.swift; sourceTree = "<group>"; };
		E069B754E38B35B985710324 /* GetHeartPath.swift */ = {isa = PBXFileReference; fileEncoding = 4; lastKnownFileType = sourcecode.swift; path = GetHeartPath.swift; sourceTree = "<group>"; };
		E069B7A1626FEE3F5FEBA00A /* FeedTableViewController.swift */ = {isa = PBXFileReference; fileEncoding = 4; lastKnownFileType = sourcecode.swift; path = FeedTableViewController.swift; sourceTree = "<group>"; };
		E069B82527A9E90051A0F22F /* Config.swift */ = {isa = PBXFileReference; fileEncoding = 4; lastKnownFileType = sourcecode.swift; path = Config.swift; sourceTree = "<group>"; };
		E069B84DF2D718B38B66B3D6 /* CommentTableCell.swift */ = {isa = PBXFileReference; fileEncoding = 4; lastKnownFileType = sourcecode.swift; path = CommentTableCell.swift; sourceTree = "<group>"; };
		E069B954A24D92AA62995DEC /* Helpers.swift */ = {isa = PBXFileReference; fileEncoding = 4; lastKnownFileType = sourcecode.swift; path = Helpers.swift; sourceTree = "<group>"; };
		E069B978F0D15820D3409508 /* Resize.swift */ = {isa = PBXFileReference; fileEncoding = 4; lastKnownFileType = sourcecode.swift; path = Resize.swift; sourceTree = "<group>"; };
		E069BA806535DCE9265277BF /* Feed.swift */ = {isa = PBXFileReference; fileEncoding = 4; lastKnownFileType = sourcecode.swift; path = Feed.swift; sourceTree = "<group>"; };
		E069BBF6E02514365CCCC3EC /* Request.swift */ = {isa = PBXFileReference; fileEncoding = 4; lastKnownFileType = sourcecode.swift; path = Request.swift; sourceTree = "<group>"; };
		E069BC616B13B80C1305A9DB /* Flash.swift */ = {isa = PBXFileReference; fileEncoding = 4; lastKnownFileType = sourcecode.swift; path = Flash.swift; sourceTree = "<group>"; };
		E069BD771D35F9B39E6C58BD /* HeartButton.swift */ = {isa = PBXFileReference; fileEncoding = 4; lastKnownFileType = sourcecode.swift; path = HeartButton.swift; sourceTree = "<group>"; };
		E069BFDF7118CDCD0B74B5F3 /* SpinnerViewController.swift */ = {isa = PBXFileReference; fileEncoding = 4; lastKnownFileType = sourcecode.swift; path = SpinnerViewController.swift; sourceTree = "<group>"; };
/* End PBXFileReference section */

/* Begin PBXFrameworksBuildPhase section */
		8656433627E112FD0033FD01 /* Frameworks */ = {
			isa = PBXFrameworksBuildPhase;
			buildActionMask = 2147483647;
			files = (
			);
			runOnlyForDeploymentPostprocessing = 0;
		};
/* End PBXFrameworksBuildPhase section */

/* Begin PBXGroup section */
		8656433027E112FD0033FD01 = {
			isa = PBXGroup;
			children = (
				86109F7027F3774800F4201A /* Localizable.stringsdict */,
				8656433B27E112FD0033FD01 /* moment */,
				8656433A27E112FD0033FD01 /* Products */,
				E069B242701B6390037C9ADD /* .gitignore */,
			);
			sourceTree = "<group>";
		};
		8656433A27E112FD0033FD01 /* Products */ = {
			isa = PBXGroup;
			children = (
				8656433927E112FD0033FD01 /* moment.app */,
			);
			name = Products;
			sourceTree = "<group>";
		};
		8656433B27E112FD0033FD01 /* moment */ = {
			isa = PBXGroup;
			children = (
				8656433C27E112FD0033FD01 /* AppDelegate.swift */,
				8656434527E112FD0033FD01 /* Assets.xcassets */,
				8656434A27E112FD0033FD01 /* Info.plist */,
				E069BE8EF7D63C3F1B5A52C4 /* Controller */,
				E069B3D3CF83F2C4627E971D /* Element */,
				E069BE32A16F151D6BB71EE5 /* Network */,
				E069B65680782937587A0A17 /* Model */,
				E069B818E0145B83D72760F1 /* Extension */,
				E069B612B20B07021EE23183 /* Util */,
			);
			path = moment;
			sourceTree = "<group>";
		};
		E069B3D3CF83F2C4627E971D /* Element */ = {
			isa = PBXGroup;
			children = (
				E069B11BA2B9B16AA97D82D1 /* FeedTableCell.swift */,
				E069BD771D35F9B39E6C58BD /* HeartButton.swift */,
				E069BFDF7118CDCD0B74B5F3 /* SpinnerViewController.swift */,
				E069B84DF2D718B38B66B3D6 /* CommentTableCell.swift */,
			);
			path = Element;
			sourceTree = "<group>";
		};
		E069B612B20B07021EE23183 /* Util */ = {
			isa = PBXGroup;
			children = (
				E069B82527A9E90051A0F22F /* Config.swift */,
			);
			path = Util;
			sourceTree = "<group>";
		};
		E069B65680782937587A0A17 /* Model */ = {
			isa = PBXGroup;
			children = (
				E069BA806535DCE9265277BF /* Feed.swift */,
			);
			path = Model;
			sourceTree = "<group>";
		};
		E069B818E0145B83D72760F1 /* Extension */ = {
			isa = PBXGroup;
			children = (
				E069B53AB0EAA5A8F231462A /* SetOnClickListener.swift */,
				E069B754E38B35B985710324 /* GetHeartPath.swift */,
				E069BC616B13B80C1305A9DB /* Flash.swift */,
				E069B978F0D15820D3409508 /* Resize.swift */,
			);
			path = Extension;
			sourceTree = "<group>";
		};
		E069BE32A16F151D6BB71EE5 /* Network */ = {
			isa = PBXGroup;
			children = (
				E069B191E76A3200AF3D33F4 /* APIClient.swift */,
				E069B954A24D92AA62995DEC /* Helpers.swift */,
				E069BBF6E02514365CCCC3EC /* Request.swift */,
			);
			path = Network;
			sourceTree = "<group>";
		};
		E069BE8EF7D63C3F1B5A52C4 /* Controller */ = {
			isa = PBXGroup;
			children = (
				E069B7A1626FEE3F5FEBA00A /* FeedTableViewController.swift */,
				E069B3B3A9493504B7490CBB /* CommentViewController.swift */,
			);
			path = Controller;
			sourceTree = "<group>";
		};
/* End PBXGroup section */

/* Begin PBXNativeTarget section */
		8656433827E112FD0033FD01 /* moment */ = {
			isa = PBXNativeTarget;
			buildConfigurationList = 8656434D27E112FD0033FD01 /* Build configuration list for PBXNativeTarget "moment" */;
			buildPhases = (
				8656433527E112FD0033FD01 /* Sources */,
				8656433627E112FD0033FD01 /* Frameworks */,
				8656433727E112FD0033FD01 /* Resources */,
			);
			buildRules = (
			);
			dependencies = (
			);
			name = moment;
			productName = moment;
			productReference = 8656433927E112FD0033FD01 /* moment.app */;
			productType = "com.apple.product-type.application";
		};
/* End PBXNativeTarget section */

/* Begin PBXProject section */
		8656433127E112FD0033FD01 /* Project object */ = {
			isa = PBXProject;
			attributes = {
				BuildIndependentTargetsInParallel = 1;
				LastSwiftUpdateCheck = 1330;
				LastUpgradeCheck = 1330;
				TargetAttributes = {
					8656433827E112FD0033FD01 = {
						CreatedOnToolsVersion = 13.3;
					};
				};
			};
			buildConfigurationList = 8656433427E112FD0033FD01 /* Build configuration list for PBXProject "moment" */;
			compatibilityVersion = "Xcode 13.0";
			developmentRegion = en;
			hasScannedForEncodings = 0;
			knownRegions = (
				en,
				Base,
			);
			mainGroup = 8656433027E112FD0033FD01;
			productRefGroup = 8656433A27E112FD0033FD01 /* Products */;
			projectDirPath = "";
			projectRoot = "";
			targets = (
				8656433827E112FD0033FD01 /* moment */,
			);
		};
/* End PBXProject section */

/* Begin PBXResourcesBuildPhase section */
		8656433727E112FD0033FD01 /* Resources */ = {
			isa = PBXResourcesBuildPhase;
			buildActionMask = 2147483647;
			files = (
				8656434627E112FD0033FD01 /* Assets.xcassets in Resources */,
				E069BFD5BEAB25A4BAF25AA1 /* .gitignore in Resources */,
				86109F7127F3774800F4201A /* Localizable.stringsdict in Resources */,
			);
			runOnlyForDeploymentPostprocessing = 0;
		};
/* End PBXResourcesBuildPhase section */

/* Begin PBXSourcesBuildPhase section */
		8656433527E112FD0033FD01 /* Sources */ = {
			isa = PBXSourcesBuildPhase;
			buildActionMask = 2147483647;
			files = (
				8656433D27E112FD0033FD01 /* AppDelegate.swift in Sources */,
				E069BFFD2D9B4D0D40DF9FBD /* FeedTableCell.swift in Sources */,
				E069B0D73AF92C316DA52CC7 /* FeedTableViewController.swift in Sources */,
				E069B8D0FF77897366AA7078 /* APIClient.swift in Sources */,
				E069BE4C09EA86E4980ABE3C /* Helpers.swift in Sources */,
				E069B59B3BC3CD32FD680541 /* Request.swift in Sources */,
				E069B4991B1FE6746447097E /* Feed.swift in Sources */,
				E069B1739B81C3352873DC39 /* SetOnClickListener.swift in Sources */,
				E069B45431C2D5A19BDB540D /* HeartButton.swift in Sources */,
				E069BE596E674049DA7ED48C /* GetHeartPath.swift in Sources */,
				E069BDAADA6E21CEE8026C57 /* Flash.swift in Sources */,
				E069B2E6CEBAB66E954D07ED /* Config.swift in Sources */,
				E069B77313A0DD1DC874D304 /* SpinnerViewController.swift in Sources */,
				E069B72D296172FE76B19289 /* CommentViewController.swift in Sources */,
				E069BF2CE8C2BC23DA5CA58C /* CommentTableCell.swift in Sources */,
				E069BBE392234472837C1B42 /* Resize.swift in Sources */,
			);
			runOnlyForDeploymentPostprocessing = 0;
		};
/* End PBXSourcesBuildPhase section */

/* Begin XCBuildConfiguration section */
		8656434B27E112FD0033FD01 /* Debug */ = {
			isa = XCBuildConfiguration;
			buildSettings = {
				ALWAYS_SEARCH_USER_PATHS = NO;
				CLANG_ANALYZER_NONNULL = YES;
				CLANG_ANALYZER_NUMBER_OBJECT_CONVERSION = YES_AGGRESSIVE;
				CLANG_CXX_LANGUAGE_STANDARD = "gnu++17";
				CLANG_ENABLE_MODULES = YES;
				CLANG_ENABLE_OBJC_ARC = YES;
				CLANG_ENABLE_OBJC_WEAK = YES;
				CLANG_WARN_BLOCK_CAPTURE_AUTORELEASING = YES;
				CLANG_WARN_BOOL_CONVERSION = YES;
				CLANG_WARN_COMMA = YES;
				CLANG_WARN_CONSTANT_CONVERSION = YES;
				CLANG_WARN_DEPRECATED_OBJC_IMPLEMENTATIONS = YES;
				CLANG_WARN_DIRECT_OBJC_ISA_USAGE = YES_ERROR;
				CLANG_WARN_DOCUMENTATION_COMMENTS = YES;
				CLANG_WARN_EMPTY_BODY = YES;
				CLANG_WARN_ENUM_CONVERSION = YES;
				CLANG_WARN_INFINITE_RECURSION = YES;
				CLANG_WARN_INT_CONVERSION = YES;
				CLANG_WARN_NON_LITERAL_NULL_CONVERSION = YES;
				CLANG_WARN_OBJC_IMPLICIT_RETAIN_SELF = YES;
				CLANG_WARN_OBJC_LITERAL_CONVERSION = YES;
				CLANG_WARN_OBJC_ROOT_CLASS = YES_ERROR;
				CLANG_WARN_QUOTED_INCLUDE_IN_FRAMEWORK_HEADER = YES;
				CLANG_WARN_RANGE_LOOP_ANALYSIS = YES;
				CLANG_WARN_STRICT_PROTOTYPES = YES;
				CLANG_WARN_SUSPICIOUS_MOVE = YES;
				CLANG_WARN_UNGUARDED_AVAILABILITY = YES_AGGRESSIVE;
				CLANG_WARN_UNREACHABLE_CODE = YES;
				CLANG_WARN__DUPLICATE_METHOD_MATCH = YES;
				COPY_PHASE_STRIP = NO;
				DEBUG_INFORMATION_FORMAT = dwarf;
				ENABLE_STRICT_OBJC_MSGSEND = YES;
				ENABLE_TESTABILITY = YES;
				GCC_C_LANGUAGE_STANDARD = gnu11;
				GCC_DYNAMIC_NO_PIC = NO;
				GCC_NO_COMMON_BLOCKS = YES;
				GCC_OPTIMIZATION_LEVEL = 0;
				GCC_PREPROCESSOR_DEFINITIONS = (
					"DEBUG=1",
					"$(inherited)",
				);
				GCC_WARN_64_TO_32_BIT_CONVERSION = YES;
				GCC_WARN_ABOUT_RETURN_TYPE = YES_ERROR;
				GCC_WARN_UNDECLARED_SELECTOR = YES;
				GCC_WARN_UNINITIALIZED_AUTOS = YES_AGGRESSIVE;
				GCC_WARN_UNUSED_FUNCTION = YES;
				GCC_WARN_UNUSED_VARIABLE = YES;
				IPHONEOS_DEPLOYMENT_TARGET = 14.0;
				MTL_ENABLE_DEBUG_INFO = INCLUDE_SOURCE;
				MTL_FAST_MATH = YES;
				ONLY_ACTIVE_ARCH = YES;
				SDKROOT = iphoneos;
				SWIFT_ACTIVE_COMPILATION_CONDITIONS = DEBUG;
				SWIFT_OPTIMIZATION_LEVEL = "-Onone";
			};
			name = Debug;
		};
		8656434C27E112FD0033FD01 /* Release */ = {
			isa = XCBuildConfiguration;
			buildSettings = {
				ALWAYS_SEARCH_USER_PATHS = NO;
				CLANG_ANALYZER_NONNULL = YES;
				CLANG_ANALYZER_NUMBER_OBJECT_CONVERSION = YES_AGGRESSIVE;
				CLANG_CXX_LANGUAGE_STANDARD = "gnu++17";
				CLANG_ENABLE_MODULES = YES;
				CLANG_ENABLE_OBJC_ARC = YES;
				CLANG_ENABLE_OBJC_WEAK = YES;
				CLANG_WARN_BLOCK_CAPTURE_AUTORELEASING = YES;
				CLANG_WARN_BOOL_CONVERSION = YES;
				CLANG_WARN_COMMA = YES;
				CLANG_WARN_CONSTANT_CONVERSION = YES;
				CLANG_WARN_DEPRECATED_OBJC_IMPLEMENTATIONS = YES;
				CLANG_WARN_DIRECT_OBJC_ISA_USAGE = YES_ERROR;
				CLANG_WARN_DOCUMENTATION_COMMENTS = YES;
				CLANG_WARN_EMPTY_BODY = YES;
				CLANG_WARN_ENUM_CONVERSION = YES;
				CLANG_WARN_INFINITE_RECURSION = YES;
				CLANG_WARN_INT_CONVERSION = YES;
				CLANG_WARN_NON_LITERAL_NULL_CONVERSION = YES;
				CLANG_WARN_OBJC_IMPLICIT_RETAIN_SELF = YES;
				CLANG_WARN_OBJC_LITERAL_CONVERSION = YES;
				CLANG_WARN_OBJC_ROOT_CLASS = YES_ERROR;
				CLANG_WARN_QUOTED_INCLUDE_IN_FRAMEWORK_HEADER = YES;
				CLANG_WARN_RANGE_LOOP_ANALYSIS = YES;
				CLANG_WARN_STRICT_PROTOTYPES = YES;
				CLANG_WARN_SUSPICIOUS_MOVE = YES;
				CLANG_WARN_UNGUARDED_AVAILABILITY = YES_AGGRESSIVE;
				CLANG_WARN_UNREACHABLE_CODE = YES;
				CLANG_WARN__DUPLICATE_METHOD_MATCH = YES;
				COPY_PHASE_STRIP = NO;
				DEBUG_INFORMATION_FORMAT = "dwarf-with-dsym";
				ENABLE_NS_ASSERTIONS = NO;
				ENABLE_STRICT_OBJC_MSGSEND = YES;
				GCC_C_LANGUAGE_STANDARD = gnu11;
				GCC_NO_COMMON_BLOCKS = YES;
				GCC_WARN_64_TO_32_BIT_CONVERSION = YES;
				GCC_WARN_ABOUT_RETURN_TYPE = YES_ERROR;
				GCC_WARN_UNDECLARED_SELECTOR = YES;
				GCC_WARN_UNINITIALIZED_AUTOS = YES_AGGRESSIVE;
				GCC_WARN_UNUSED_FUNCTION = YES;
				GCC_WARN_UNUSED_VARIABLE = YES;
				IPHONEOS_DEPLOYMENT_TARGET = 14.0;
				MTL_ENABLE_DEBUG_INFO = NO;
				MTL_FAST_MATH = YES;
				SDKROOT = iphoneos;
				SWIFT_COMPILATION_MODE = wholemodule;
				SWIFT_OPTIMIZATION_LEVEL = "-O";
				VALIDATE_PRODUCT = YES;
			};
			name = Release;
		};
		8656434E27E112FD0033FD01 /* Debug */ = {
			isa = XCBuildConfiguration;
			buildSettings = {
				ASSETCATALOG_COMPILER_APPICON_NAME = AppIcon;
				ASSETCATALOG_COMPILER_GLOBAL_ACCENT_COLOR_NAME = AccentColor;
				CODE_SIGN_STYLE = Automatic;
				CURRENT_PROJECT_VERSION = 1;
				DEVELOPMENT_TEAM = 483TSH5L3U;
				GENERATE_INFOPLIST_FILE = YES;
				INFOPLIST_FILE = moment/Info.plist;
				INFOPLIST_KEY_UIApplicationSupportsIndirectInputEvents = YES;
				INFOPLIST_KEY_UILaunchStoryboardName = LaunchScreen;
				INFOPLIST_KEY_UISupportedInterfaceOrientations = UIInterfaceOrientationPortrait;
				INFOPLIST_KEY_UISupportedInterfaceOrientations_iPad = "UIInterfaceOrientationPortrait UIInterfaceOrientationPortraitUpsideDown UIInterfaceOrientationLandscapeLeft UIInterfaceOrientationLandscapeRight";
				INFOPLIST_KEY_UISupportedInterfaceOrientations_iPhone = "UIInterfaceOrientationPortrait UIInterfaceOrientationLandscapeLeft UIInterfaceOrientationLandscapeRight";
				IPHONEOS_DEPLOYMENT_TARGET = 14.0;
				LD_RUNPATH_SEARCH_PATHS = (
					"$(inherited)",
					"@executable_path/Frameworks",
				);
				MARKETING_VERSION = 1.0;
				PRODUCT_BUNDLE_IDENTIFIER = org.sefran.moment;
				PRODUCT_NAME = "$(TARGET_NAME)";
				SWIFT_EMIT_LOC_STRINGS = YES;
				SWIFT_VERSION = 5.0;
				TARGETED_DEVICE_FAMILY = 1;
			};
			name = Debug;
		};
		8656434F27E112FD0033FD01 /* Release */ = {
			isa = XCBuildConfiguration;
			buildSettings = {
				ASSETCATALOG_COMPILER_APPICON_NAME = AppIcon;
				ASSETCATALOG_COMPILER_GLOBAL_ACCENT_COLOR_NAME = AccentColor;
				CODE_SIGN_STYLE = Automatic;
				CURRENT_PROJECT_VERSION = 1;
				DEVELOPMENT_TEAM = 483TSH5L3U;
				GENERATE_INFOPLIST_FILE = YES;
				INFOPLIST_FILE = moment/Info.plist;
				INFOPLIST_KEY_UIApplicationSupportsIndirectInputEvents = YES;
				INFOPLIST_KEY_UILaunchStoryboardName = LaunchScreen;
				INFOPLIST_KEY_UISupportedInterfaceOrientations = UIInterfaceOrientationPortrait;
				INFOPLIST_KEY_UISupportedInterfaceOrientations_iPad = "UIInterfaceOrientationPortrait UIInterfaceOrientationPortraitUpsideDown UIInterfaceOrientationLandscapeLeft UIInterfaceOrientationLandscapeRight";
				INFOPLIST_KEY_UISupportedInterfaceOrientations_iPhone = "UIInterfaceOrientationPortrait UIInterfaceOrientationLandscapeLeft UIInterfaceOrientationLandscapeRight";
				IPHONEOS_DEPLOYMENT_TARGET = 14.0;
				LD_RUNPATH_SEARCH_PATHS = (
					"$(inherited)",
					"@executable_path/Frameworks",
				);
				MARKETING_VERSION = 1.0;
				PRODUCT_BUNDLE_IDENTIFIER = org.sefran.moment;
				PRODUCT_NAME = "$(TARGET_NAME)";
				SWIFT_EMIT_LOC_STRINGS = YES;
				SWIFT_VERSION = 5.0;
				TARGETED_DEVICE_FAMILY = 1;
			};
			name = Release;
		};
/* End XCBuildConfiguration section */

/* Begin XCConfigurationList section */
		8656433427E112FD0033FD01 /* Build configuration list for PBXProject "moment" */ = {
			isa = XCConfigurationList;
			buildConfigurations = (
				8656434B27E112FD0033FD01 /* Debug */,
				8656434C27E112FD0033FD01 /* Release */,
			);
			defaultConfigurationIsVisible = 0;
			defaultConfigurationName = Release;
		};
		8656434D27E112FD0033FD01 /* Build configuration list for PBXNativeTarget "moment" */ = {
			isa = XCConfigurationList;
			buildConfigurations = (
				8656434E27E112FD0033FD01 /* Debug */,
				8656434F27E112FD0033FD01 /* Release */,
			);
			defaultConfigurationIsVisible = 0;
			defaultConfigurationName = Release;
		};
/* End XCConfigurationList section */
	};
	rootObject = 8656433127E112FD0033FD01 /* Project object */;
}
