// !$*UTF8*$!
{
	archiveVersion = 1;
	classes = {
	};
	objectVersion = 55;
	objects = {

/* Begin PBXBuildFile section */
		86109F7127F3774800F4201A /* Localizable.stringsdict in Resources */ = {isa = PBXBuildFile; fileRef = 86109F7027F3774800F4201A /* Localizable.stringsdict */; };
		8654A036284D403C001DE15C /* ColorExtension.swift in Sources */ = {isa = PBXBuildFile; fileRef = 8654A035284D403C001DE15C /* ColorExtension.swift */; };
		8654A038284D4662001DE15C /* ViewExtension.swift in Sources */ = {isa = PBXBuildFile; fileRef = 8654A037284D4662001DE15C /* ViewExtension.swift */; };
		8654A03A284D4F94001DE15C /* RootView.swift in Sources */ = {isa = PBXBuildFile; fileRef = 8654A039284D4F94001DE15C /* RootView.swift */; };
		8654A03C284D4FB0001DE15C /* SessionStore.swift in Sources */ = {isa = PBXBuildFile; fileRef = 8654A03B284D4FB0001DE15C /* SessionStore.swift */; };
		8654A03E284D4FF7001DE15C /* User.swift in Sources */ = {isa = PBXBuildFile; fileRef = 8654A03D284D4FF7001DE15C /* User.swift */; };
		8656434627E112FD0033FD01 /* Assets.xcassets in Resources */ = {isa = PBXBuildFile; fileRef = 8656434527E112FD0033FD01 /* Assets.xcassets */; };
		866A0728283ACEBB00CD4531 /* DITranquillity in Frameworks */ = {isa = PBXBuildFile; productRef = 866A0727283ACEBB00CD4531 /* DITranquillity */; };
		86AB6D6B2850CF580098F95A /* TabController.swift in Sources */ = {isa = PBXBuildFile; fileRef = 86AB6D6A2850CF580098F95A /* TabController.swift */; };
		86AB6D6D28513E600098F95A /* FeedView.swift in Sources */ = {isa = PBXBuildFile; fileRef = 86AB6D6C28513E600098F95A /* FeedView.swift */; };
		86AB6D70285142F60098F95A /* ASCollectionView in Frameworks */ = {isa = PBXBuildFile; productRef = 86AB6D6F285142F60098F95A /* ASCollectionView */; };
		86AB6D722852554C0098F95A /* PostViewModel.swift in Sources */ = {isa = PBXBuildFile; fileRef = 86AB6D712852554C0098F95A /* PostViewModel.swift */; };
		86AB7535282462DD0022ADA2 /* Realm in Frameworks */ = {isa = PBXBuildFile; productRef = 86AB7534282462DD0022ADA2 /* Realm */; };
		86AB7537282462DD0022ADA2 /* RealmSwift in Frameworks */ = {isa = PBXBuildFile; productRef = 86AB7536282462DD0022ADA2 /* RealmSwift */; };
		86AED5F428134BE5002B43CD /* FirebaseAuth in Frameworks */ = {isa = PBXBuildFile; productRef = 86AED5F328134BE5002B43CD /* FirebaseAuth */; };
		86AED5F628134BE5002B43CD /* FirebaseFirestore in Frameworks */ = {isa = PBXBuildFile; productRef = 86AED5F528134BE5002B43CD /* FirebaseFirestore */; };
		86AED5F828134BE5002B43CD /* FirebaseFirestoreSwift in Frameworks */ = {isa = PBXBuildFile; productRef = 86AED5F728134BE5002B43CD /* FirebaseFirestoreSwift */; };
		86AED5FB28187901002B43CD /* FirebaseFirestore in Frameworks */ = {isa = PBXBuildFile; productRef = 86AED5FA28187901002B43CD /* FirebaseFirestore */; };
		86AED5FD28187901002B43CD /* FirebaseFirestoreSwift in Frameworks */ = {isa = PBXBuildFile; productRef = 86AED5FC28187901002B43CD /* FirebaseFirestoreSwift */; };
		86AED60028195881002B43CD /* DITranquillity in Frameworks */ = {isa = PBXBuildFile; productRef = 86AED5FF28195881002B43CD /* DITranquillity */; };
		86AED60328198E4E002B43CD /* FirebaseStorage in Frameworks */ = {isa = PBXBuildFile; productRef = 86AED60228198E4E002B43CD /* FirebaseStorage */; };
		86AED606281B1478002B43CD /* YPImagePicker in Frameworks */ = {isa = PBXBuildFile; productRef = 86AED605281B1478002B43CD /* YPImagePicker */; };
		86F16E2D28590C11004B929D /* DirectView.swift in Sources */ = {isa = PBXBuildFile; fileRef = 86F16E2C28590C11004B929D /* DirectView.swift */; };
		86F16E2F28590DA0004B929D /* ChatRow.swift in Sources */ = {isa = PBXBuildFile; fileRef = 86F16E2E28590DA0004B929D /* ChatRow.swift */; };
		86F16E3128590FE3004B929D /* DialogModel.swift in Sources */ = {isa = PBXBuildFile; fileRef = 86F16E3028590FE3004B929D /* DialogModel.swift */; };
		86F16E33285917BE004B929D /* DateExtension.swift in Sources */ = {isa = PBXBuildFile; fileRef = 86F16E32285917BE004B929D /* DateExtension.swift */; };
		86F16E3528591BB5004B929D /* SearchBar.swift in Sources */ = {isa = PBXBuildFile; fileRef = 86F16E3428591BB5004B929D /* SearchBar.swift */; };
		86F16E3728592027004B929D /* ChatViewModel.swift in Sources */ = {isa = PBXBuildFile; fileRef = 86F16E3628592027004B929D /* ChatViewModel.swift */; };
		86F16E39285927AA004B929D /* ChatView.swift in Sources */ = {isa = PBXBuildFile; fileRef = 86F16E38285927AA004B929D /* ChatView.swift */; };
		86F16E3C285A3C04004B929D /* Introspect in Frameworks */ = {isa = PBXBuildFile; productRef = 86F16E3B285A3C04004B929D /* Introspect */; };
		86F16E42285B9532004B929D /* RegistrationView.swift in Sources */ = {isa = PBXBuildFile; fileRef = 86F16E41285B9532004B929D /* RegistrationView.swift */; };
		E069B10EE748B13DB1D493F2 /* MainView.swift in Sources */ = {isa = PBXBuildFile; fileRef = E069BFA0B43DD73C35A88933 /* MainView.swift */; };
		E069B1219C95C0CBEC4A974E /* GoogleService-Info.plist in Resources */ = {isa = PBXBuildFile; fileRef = E069BE3F391E84D3A590C8D1 /* GoogleService-Info.plist */; };
		E069B1739B81C3352873DC39 /* SetOnClickListener.swift in Sources */ = {isa = PBXBuildFile; fileRef = E069B53AB0EAA5A8F231462A /* SetOnClickListener.swift */; };
		E069B20E6C62F075037D9BFD /* AddPostViewController.swift in Sources */ = {isa = PBXBuildFile; fileRef = E069BEA5C9350540EE780D1F /* AddPostViewController.swift */; };
		E069B22FC2074A659A5F07C3 /* ImageProvider.swift in Sources */ = {isa = PBXBuildFile; fileRef = E069B9FDA94AC737018C89E2 /* ImageProvider.swift */; };
		E069B58057E9982614EDC0A2 /* PinchToZoomExtension.swift in Sources */ = {isa = PBXBuildFile; fileRef = E069B47CD3B74527EF88AB72 /* PinchToZoomExtension.swift */; };
		E069B5E586BDA78479253CDE /* LoginView.swift in Sources */ = {isa = PBXBuildFile; fileRef = E069B239660F9040207D4132 /* LoginView.swift */; };
		E069B631E2C7B82233862EE3 /* Array.swift in Sources */ = {isa = PBXBuildFile; fileRef = E069BC165C3E4A2783FA3A74 /* Array.swift */; };
		E069B8A39F4E2B20EAC488F2 /* FeedRealm.swift in Sources */ = {isa = PBXBuildFile; fileRef = E069B4A3675281A137073732 /* FeedRealm.swift */; };
		E069B96149E22AA68F8B4756 /* RealmPhotoCache.swift in Sources */ = {isa = PBXBuildFile; fileRef = E069BB0C3E920318CF24D81A /* RealmPhotoCache.swift */; };
		E069B9F45B32A1A4CC7378D0 /* PhotoFirestore.swift in Sources */ = {isa = PBXBuildFile; fileRef = E069B1B20871BF408DF1BB51 /* PhotoFirestore.swift */; };
		E069BA461BA800E0CB4F422E /* PostCell.swift in Sources */ = {isa = PBXBuildFile; fileRef = E069BC38E30F5D4E81115CF5 /* PostCell.swift */; };
		E069BBE392234472837C1B42 /* Resize.swift in Sources */ = {isa = PBXBuildFile; fileRef = E069B978F0D15820D3409508 /* Resize.swift */; };
		E069BCBA939970863931DAC2 /* Compression.swift in Sources */ = {isa = PBXBuildFile; fileRef = E069B97EDA6BF72018F22558 /* Compression.swift */; };
		E069BCC66C3EC19B627E5B4A /* MomentApp.swift in Sources */ = {isa = PBXBuildFile; fileRef = E069B535E71E9F993FC410E6 /* MomentApp.swift */; };
		E069BDAADA6E21CEE8026C57 /* Flash.swift in Sources */ = {isa = PBXBuildFile; fileRef = E069BC616B13B80C1305A9DB /* Flash.swift */; };
		E069BE095BD02EC81E41B092 /* Model.swift in Sources */ = {isa = PBXBuildFile; fileRef = E069BCCC757B07546B2A2081 /* Model.swift */; };
		E069BE596E674049DA7ED48C /* GetHeartPath.swift in Sources */ = {isa = PBXBuildFile; fileRef = E069B754E38B35B985710324 /* GetHeartPath.swift */; };
		E069BEC57E8C214329622745 /* Feed.swift in Sources */ = {isa = PBXBuildFile; fileRef = E069BCF2B1D32BB6910968FD /* Feed.swift */; };
		E069BFD5BEAB25A4BAF25AA1 /* .gitignore in Resources */ = {isa = PBXBuildFile; fileRef = E069B242701B6390037C9ADD /* .gitignore */; };
		E069BFFB4544FF6B7ABBF82E /* PhotoProvider.swift in Sources */ = {isa = PBXBuildFile; fileRef = E069B07D4E53319A5902DB4D /* PhotoProvider.swift */; };
/* End PBXBuildFile section */

/* Begin PBXFileReference section */
		86109F7027F3774800F4201A /* Localizable.stringsdict */ = {isa = PBXFileReference; lastKnownFileType = text.plist.stringsdict; path = Localizable.stringsdict; sourceTree = "<group>"; };
		8654A035284D403C001DE15C /* ColorExtension.swift */ = {isa = PBXFileReference; lastKnownFileType = sourcecode.swift; path = ColorExtension.swift; sourceTree = "<group>"; };
		8654A037284D4662001DE15C /* ViewExtension.swift */ = {isa = PBXFileReference; lastKnownFileType = sourcecode.swift; path = ViewExtension.swift; sourceTree = "<group>"; };
		8654A039284D4F94001DE15C /* RootView.swift */ = {isa = PBXFileReference; lastKnownFileType = sourcecode.swift; path = RootView.swift; sourceTree = "<group>"; };
		8654A03B284D4FB0001DE15C /* SessionStore.swift */ = {isa = PBXFileReference; lastKnownFileType = sourcecode.swift; path = SessionStore.swift; sourceTree = "<group>"; };
		8654A03D284D4FF7001DE15C /* User.swift */ = {isa = PBXFileReference; lastKnownFileType = sourcecode.swift; path = User.swift; sourceTree = "<group>"; };
		8656433927E112FD0033FD01 /* moment.app */ = {isa = PBXFileReference; explicitFileType = wrapper.application; includeInIndex = 0; path = moment.app; sourceTree = BUILT_PRODUCTS_DIR; };
		8656434527E112FD0033FD01 /* Assets.xcassets */ = {isa = PBXFileReference; lastKnownFileType = folder.assetcatalog; path = Assets.xcassets; sourceTree = "<group>"; };
		8656434A27E112FD0033FD01 /* Info.plist */ = {isa = PBXFileReference; lastKnownFileType = text.plist.xml; path = Info.plist; sourceTree = "<group>"; };
		86AB6D6A2850CF580098F95A /* TabController.swift */ = {isa = PBXFileReference; lastKnownFileType = sourcecode.swift; path = TabController.swift; sourceTree = "<group>"; };
		86AB6D6C28513E600098F95A /* FeedView.swift */ = {isa = PBXFileReference; lastKnownFileType = sourcecode.swift; path = FeedView.swift; sourceTree = "<group>"; };
		86AB6D712852554C0098F95A /* PostViewModel.swift */ = {isa = PBXFileReference; lastKnownFileType = sourcecode.swift; path = PostViewModel.swift; sourceTree = "<group>"; };
		86F16E2C28590C11004B929D /* DirectView.swift */ = {isa = PBXFileReference; lastKnownFileType = sourcecode.swift; path = DirectView.swift; sourceTree = "<group>"; };
		86F16E2E28590DA0004B929D /* ChatRow.swift */ = {isa = PBXFileReference; lastKnownFileType = sourcecode.swift; path = ChatRow.swift; sourceTree = "<group>"; };
		86F16E3028590FE3004B929D /* DialogModel.swift */ = {isa = PBXFileReference; lastKnownFileType = sourcecode.swift; path = DialogModel.swift; sourceTree = "<group>"; };
		86F16E32285917BE004B929D /* DateExtension.swift */ = {isa = PBXFileReference; lastKnownFileType = sourcecode.swift; path = DateExtension.swift; sourceTree = "<group>"; };
		86F16E3428591BB5004B929D /* SearchBar.swift */ = {isa = PBXFileReference; lastKnownFileType = sourcecode.swift; path = SearchBar.swift; sourceTree = "<group>"; };
		86F16E3628592027004B929D /* ChatViewModel.swift */ = {isa = PBXFileReference; lastKnownFileType = sourcecode.swift; path = ChatViewModel.swift; sourceTree = "<group>"; };
		86F16E38285927AA004B929D /* ChatView.swift */ = {isa = PBXFileReference; lastKnownFileType = sourcecode.swift; path = ChatView.swift; sourceTree = "<group>"; };
		86F16E41285B9532004B929D /* RegistrationView.swift */ = {isa = PBXFileReference; lastKnownFileType = sourcecode.swift; path = RegistrationView.swift; sourceTree = "<group>"; };
		E069B07D4E53319A5902DB4D /* PhotoProvider.swift */ = {isa = PBXFileReference; fileEncoding = 4; lastKnownFileType = sourcecode.swift; path = PhotoProvider.swift; sourceTree = "<group>"; };
		E069B1B20871BF408DF1BB51 /* PhotoFirestore.swift */ = {isa = PBXFileReference; fileEncoding = 4; lastKnownFileType = sourcecode.swift; path = PhotoFirestore.swift; sourceTree = "<group>"; };
		E069B239660F9040207D4132 /* LoginView.swift */ = {isa = PBXFileReference; fileEncoding = 4; lastKnownFileType = sourcecode.swift; path = LoginView.swift; sourceTree = "<group>"; };
		E069B242701B6390037C9ADD /* .gitignore */ = {isa = PBXFileReference; lastKnownFileType = file.gitignore; path = .gitignore; sourceTree = "<group>"; };
		E069B47CD3B74527EF88AB72 /* PinchToZoomExtension.swift */ = {isa = PBXFileReference; fileEncoding = 4; lastKnownFileType = sourcecode.swift; path = PinchToZoomExtension.swift; sourceTree = "<group>"; };
		E069B4A3675281A137073732 /* FeedRealm.swift */ = {isa = PBXFileReference; fileEncoding = 4; lastKnownFileType = sourcecode.swift; path = FeedRealm.swift; sourceTree = "<group>"; };
		E069B535E71E9F993FC410E6 /* MomentApp.swift */ = {isa = PBXFileReference; fileEncoding = 4; lastKnownFileType = sourcecode.swift; path = MomentApp.swift; sourceTree = "<group>"; };
		E069B53AB0EAA5A8F231462A /* SetOnClickListener.swift */ = {isa = PBXFileReference; fileEncoding = 4; lastKnownFileType = sourcecode.swift; path = SetOnClickListener.swift; sourceTree = "<group>"; };
		E069B754E38B35B985710324 /* GetHeartPath.swift */ = {isa = PBXFileReference; fileEncoding = 4; lastKnownFileType = sourcecode.swift; path = GetHeartPath.swift; sourceTree = "<group>"; };
		E069B978F0D15820D3409508 /* Resize.swift */ = {isa = PBXFileReference; fileEncoding = 4; lastKnownFileType = sourcecode.swift; path = Resize.swift; sourceTree = "<group>"; };
		E069B97EDA6BF72018F22558 /* Compression.swift */ = {isa = PBXFileReference; fileEncoding = 4; lastKnownFileType = sourcecode.swift; path = Compression.swift; sourceTree = "<group>"; };
		E069B9FDA94AC737018C89E2 /* ImageProvider.swift */ = {isa = PBXFileReference; fileEncoding = 4; lastKnownFileType = sourcecode.swift; path = ImageProvider.swift; sourceTree = "<group>"; };
		E069BB0C3E920318CF24D81A /* RealmPhotoCache.swift */ = {isa = PBXFileReference; fileEncoding = 4; lastKnownFileType = sourcecode.swift; path = RealmPhotoCache.swift; sourceTree = "<group>"; };
		E069BC165C3E4A2783FA3A74 /* Array.swift */ = {isa = PBXFileReference; fileEncoding = 4; lastKnownFileType = sourcecode.swift; path = Array.swift; sourceTree = "<group>"; };
		E069BC38E30F5D4E81115CF5 /* PostCell.swift */ = {isa = PBXFileReference; fileEncoding = 4; lastKnownFileType = sourcecode.swift; path = PostCell.swift; sourceTree = "<group>"; };
		E069BC616B13B80C1305A9DB /* Flash.swift */ = {isa = PBXFileReference; fileEncoding = 4; lastKnownFileType = sourcecode.swift; path = Flash.swift; sourceTree = "<group>"; };
		E069BCCC757B07546B2A2081 /* Model.swift */ = {isa = PBXFileReference; fileEncoding = 4; lastKnownFileType = sourcecode.swift; path = Model.swift; sourceTree = "<group>"; };
		E069BCF2B1D32BB6910968FD /* Feed.swift */ = {isa = PBXFileReference; fileEncoding = 4; lastKnownFileType = sourcecode.swift; path = Feed.swift; sourceTree = "<group>"; };
		E069BE3F391E84D3A590C8D1 /* GoogleService-Info.plist */ = {isa = PBXFileReference; fileEncoding = 4; lastKnownFileType = text.plist.info; path = "GoogleService-Info.plist"; sourceTree = "<group>"; };
		E069BEA5C9350540EE780D1F /* AddPostViewController.swift */ = {isa = PBXFileReference; fileEncoding = 4; lastKnownFileType = sourcecode.swift; path = AddPostViewController.swift; sourceTree = "<group>"; };
		E069BFA0B43DD73C35A88933 /* MainView.swift */ = {isa = PBXFileReference; fileEncoding = 4; lastKnownFileType = sourcecode.swift; path = MainView.swift; sourceTree = "<group>"; };
/* End PBXFileReference section */

/* Begin PBXFrameworksBuildPhase section */
		8656433627E112FD0033FD01 /* Frameworks */ = {
			isa = PBXFrameworksBuildPhase;
			buildActionMask = 2147483647;
			files = (
				86AED5FD28187901002B43CD /* FirebaseFirestoreSwift in Frameworks */,
				86F16E3C285A3C04004B929D /* Introspect in Frameworks */,
				86AED5F428134BE5002B43CD /* FirebaseAuth in Frameworks */,
				86AED5FB28187901002B43CD /* FirebaseFirestore in Frameworks */,
				86AED60028195881002B43CD /* DITranquillity in Frameworks */,
				86AED60328198E4E002B43CD /* FirebaseStorage in Frameworks */,
				86AED5F628134BE5002B43CD /* FirebaseFirestore in Frameworks */,
				86AB7535282462DD0022ADA2 /* Realm in Frameworks */,
				86AB6D70285142F60098F95A /* ASCollectionView in Frameworks */,
				866A0728283ACEBB00CD4531 /* DITranquillity in Frameworks */,
				86AED5F828134BE5002B43CD /* FirebaseFirestoreSwift in Frameworks */,
				86AB7537282462DD0022ADA2 /* RealmSwift in Frameworks */,
				86AED606281B1478002B43CD /* YPImagePicker in Frameworks */,
			);
			runOnlyForDeploymentPostprocessing = 0;
		};
/* End PBXFrameworksBuildPhase section */

/* Begin PBXGroup section */
		8656433027E112FD0033FD01 = {
			isa = PBXGroup;
			children = (
				86109F7027F3774800F4201A /* Localizable.stringsdict */,
				8656433B27E112FD0033FD01 /* moment */,
				8656433A27E112FD0033FD01 /* Products */,
				E069B242701B6390037C9ADD /* .gitignore */,
			);
			sourceTree = "<group>";
		};
		8656433A27E112FD0033FD01 /* Products */ = {
			isa = PBXGroup;
			children = (
				8656433927E112FD0033FD01 /* moment.app */,
			);
			name = Products;
			sourceTree = "<group>";
		};
		8656433B27E112FD0033FD01 /* moment */ = {
			isa = PBXGroup;
			children = (
				86751D7A285CABA3000F6ED5 /* Deprecated */,
				8656434527E112FD0033FD01 /* Assets.xcassets */,
				8656434A27E112FD0033FD01 /* Info.plist */,
				E069BE3F391E84D3A590C8D1 /* GoogleService-Info.plist */,
				E069B12E337A88A3D9735FC5 /* Storage */,
				E069B98534A47D5FDA7AC331 /* SwiftUI */,
				E069B535E71E9F993FC410E6 /* MomentApp.swift */,
			);
			path = moment;
			sourceTree = "<group>";
		};
		86751D7A285CABA3000F6ED5 /* Deprecated */ = {
			isa = PBXGroup;
			children = (
				E069B818E0145B83D72760F1 /* Extension */,
				E069B65680782937587A0A17 /* Model */,
				E069BEA5C9350540EE780D1F /* AddPostViewController.swift */,
			);
			path = Deprecated;
			sourceTree = "<group>";
		};
		86F16E2728568A99004B929D /* Chat */ = {
			isa = PBXGroup;
			children = (
				86F16E2C28590C11004B929D /* DirectView.swift */,
				86F16E2E28590DA0004B929D /* ChatRow.swift */,
				86F16E3028590FE3004B929D /* DialogModel.swift */,
				86F16E32285917BE004B929D /* DateExtension.swift */,
				86F16E3428591BB5004B929D /* SearchBar.swift */,
				86F16E3628592027004B929D /* ChatViewModel.swift */,
				86F16E38285927AA004B929D /* ChatView.swift */,
			);
			path = Chat;
			sourceTree = "<group>";
		};
		86F16E3F285B9494004B929D /* Feed */ = {
			isa = PBXGroup;
			children = (
				E069BCCC757B07546B2A2081 /* Model.swift */,
				E069BC38E30F5D4E81115CF5 /* PostCell.swift */,
				86AB6D712852554C0098F95A /* PostViewModel.swift */,
				E069B47CD3B74527EF88AB72 /* PinchToZoomExtension.swift */,
				86AB6D6C28513E600098F95A /* FeedView.swift */,
			);
			path = Feed;
			sourceTree = "<group>";
		};
		86F16E40285B94B5004B929D /* Auth */ = {
			isa = PBXGroup;
			children = (
				8654A03B284D4FB0001DE15C /* SessionStore.swift */,
				E069B239660F9040207D4132 /* LoginView.swift */,
				8654A03D284D4FF7001DE15C /* User.swift */,
				86F16E41285B9532004B929D /* RegistrationView.swift */,
			);
			path = Auth;
			sourceTree = "<group>";
		};
		E069B12E337A88A3D9735FC5 /* Storage */ = {
			isa = PBXGroup;
			children = (
				E069B1B20871BF408DF1BB51 /* PhotoFirestore.swift */,
				E069B07D4E53319A5902DB4D /* PhotoProvider.swift */,
				E069BB0C3E920318CF24D81A /* RealmPhotoCache.swift */,
				E069B9FDA94AC737018C89E2 /* ImageProvider.swift */,
			);
			path = Storage;
			sourceTree = "<group>";
		};
		E069B65680782937587A0A17 /* Model */ = {
			isa = PBXGroup;
			children = (
				E069BCF2B1D32BB6910968FD /* Feed.swift */,
				E069B4A3675281A137073732 /* FeedRealm.swift */,
			);
			path = Model;
			sourceTree = "<group>";
		};
		E069B818E0145B83D72760F1 /* Extension */ = {
			isa = PBXGroup;
			children = (
				E069B53AB0EAA5A8F231462A /* SetOnClickListener.swift */,
				E069B754E38B35B985710324 /* GetHeartPath.swift */,
				E069BC616B13B80C1305A9DB /* Flash.swift */,
				E069B978F0D15820D3409508 /* Resize.swift */,
				E069B97EDA6BF72018F22558 /* Compression.swift */,
				E069BC165C3E4A2783FA3A74 /* Array.swift */,
			);
			path = Extension;
			sourceTree = "<group>";
		};
		E069B98534A47D5FDA7AC331 /* SwiftUI */ = {
			isa = PBXGroup;
			children = (
				86F16E40285B94B5004B929D /* Auth */,
				86F16E3F285B9494004B929D /* Feed */,
				86F16E2728568A99004B929D /* Chat */,
				E069BFA0B43DD73C35A88933 /* MainView.swift */,
				8654A035284D403C001DE15C /* ColorExtension.swift */,
				8654A037284D4662001DE15C /* ViewExtension.swift */,
				8654A039284D4F94001DE15C /* RootView.swift */,
				86AB6D6A2850CF580098F95A /* TabController.swift */,
			);
			path = SwiftUI;
			sourceTree = "<group>";
		};
/* End PBXGroup section */

/* Begin PBXNativeTarget section */
		8656433827E112FD0033FD01 /* moment */ = {
			isa = PBXNativeTarget;
			buildConfigurationList = 8656434D27E112FD0033FD01 /* Build configuration list for PBXNativeTarget "moment" */;
			buildPhases = (
				8656433527E112FD0033FD01 /* Sources */,
				8656433627E112FD0033FD01 /* Frameworks */,
				8656433727E112FD0033FD01 /* Resources */,
			);
			buildRules = (
			);
			dependencies = (
			);
			name = moment;
			packageProductDependencies = (
				86AED5F328134BE5002B43CD /* FirebaseAuth */,
				86AED5F528134BE5002B43CD /* FirebaseFirestore */,
				86AED5F728134BE5002B43CD /* FirebaseFirestoreSwift */,
				86AED5FA28187901002B43CD /* FirebaseFirestore */,
				86AED5FC28187901002B43CD /* FirebaseFirestoreSwift */,
				86AED5FF28195881002B43CD /* DITranquillity */,
				86AED60228198E4E002B43CD /* FirebaseStorage */,
				86AED605281B1478002B43CD /* YPImagePicker */,
				86AB7534282462DD0022ADA2 /* Realm */,
				86AB7536282462DD0022ADA2 /* RealmSwift */,
				866A0727283ACEBB00CD4531 /* DITranquillity */,
				86AB6D6F285142F60098F95A /* ASCollectionView */,
				86F16E3B285A3C04004B929D /* Introspect */,
			);
			productName = moment;
			productReference = 8656433927E112FD0033FD01 /* moment.app */;
			productType = "com.apple.product-type.application";
		};
/* End PBXNativeTarget section */

/* Begin PBXProject section */
		8656433127E112FD0033FD01 /* Project object */ = {
			isa = PBXProject;
			attributes = {
				BuildIndependentTargetsInParallel = 1;
				LastSwiftUpdateCheck = 1330;
				LastUpgradeCheck = 1330;
				TargetAttributes = {
					8656433827E112FD0033FD01 = {
						CreatedOnToolsVersion = 13.3;
					};
				};
			};
			buildConfigurationList = 8656433427E112FD0033FD01 /* Build configuration list for PBXProject "moment" */;
			compatibilityVersion = "Xcode 13.0";
			developmentRegion = en;
			hasScannedForEncodings = 0;
			knownRegions = (
				en,
				Base,
			);
			mainGroup = 8656433027E112FD0033FD01;
			packageReferences = (
				86AED5F228134BE5002B43CD /* XCRemoteSwiftPackageReference "firebase-ios-sdk" */,
				86AED5F928187901002B43CD /* XCRemoteSwiftPackageReference "firebase-ios-sdk" */,
				86AED5FE28195881002B43CD /* XCRemoteSwiftPackageReference "DITranquillity" */,
				86AED60128198E4E002B43CD /* XCRemoteSwiftPackageReference "firebase-ios-sdk" */,
				86AED604281B1478002B43CD /* XCRemoteSwiftPackageReference "YPImagePicker" */,
				86AB7533282462DD0022ADA2 /* XCRemoteSwiftPackageReference "realm-swift" */,
				866A0726283ACEBB00CD4531 /* XCRemoteSwiftPackageReference "DITranquillity" */,
				86AB6D6E285142F60098F95A /* XCRemoteSwiftPackageReference "ASCollectionView" */,
				86F16E3A285A3C04004B929D /* XCRemoteSwiftPackageReference "SwiftUI-Introspect" */,
			);
			productRefGroup = 8656433A27E112FD0033FD01 /* Products */;
			projectDirPath = "";
			projectRoot = "";
			targets = (
				8656433827E112FD0033FD01 /* moment */,
			);
		};
/* End PBXProject section */

/* Begin PBXResourcesBuildPhase section */
		8656433727E112FD0033FD01 /* Resources */ = {
			isa = PBXResourcesBuildPhase;
			buildActionMask = 2147483647;
			files = (
				8656434627E112FD0033FD01 /* Assets.xcassets in Resources */,
				E069BFD5BEAB25A4BAF25AA1 /* .gitignore in Resources */,
				86109F7127F3774800F4201A /* Localizable.stringsdict in Resources */,
				E069B1219C95C0CBEC4A974E /* GoogleService-Info.plist in Resources */,
			);
			runOnlyForDeploymentPostprocessing = 0;
		};
/* End PBXResourcesBuildPhase section */

/* Begin PBXSourcesBuildPhase section */
		8656433527E112FD0033FD01 /* Sources */ = {
			isa = PBXSourcesBuildPhase;
			buildActionMask = 2147483647;
			files = (
				86AB6D6D28513E600098F95A /* FeedView.swift in Sources */,
				86F16E39285927AA004B929D /* ChatView.swift in Sources */,
				86AB6D6B2850CF580098F95A /* TabController.swift in Sources */,
				E069B1739B81C3352873DC39 /* SetOnClickListener.swift in Sources */,
				E069BE596E674049DA7ED48C /* GetHeartPath.swift in Sources */,
				E069BDAADA6E21CEE8026C57 /* Flash.swift in Sources */,
				86F16E3528591BB5004B929D /* SearchBar.swift in Sources */,
				86F16E2F28590DA0004B929D /* ChatRow.swift in Sources */,
				E069BBE392234472837C1B42 /* Resize.swift in Sources */,
				8654A03A284D4F94001DE15C /* RootView.swift in Sources */,
				8654A036284D403C001DE15C /* ColorExtension.swift in Sources */,
				86F16E42285B9532004B929D /* RegistrationView.swift in Sources */,
				E069B9F45B32A1A4CC7378D0 /* PhotoFirestore.swift in Sources */,
				86AB6D722852554C0098F95A /* PostViewModel.swift in Sources */,
				8654A03C284D4FB0001DE15C /* SessionStore.swift in Sources */,
				86F16E3128590FE3004B929D /* DialogModel.swift in Sources */,
				E069BEC57E8C214329622745 /* Feed.swift in Sources */,
				E069B20E6C62F075037D9BFD /* AddPostViewController.swift in Sources */,
				E069BCBA939970863931DAC2 /* Compression.swift in Sources */,
				E069B8A39F4E2B20EAC488F2 /* FeedRealm.swift in Sources */,
				E069B631E2C7B82233862EE3 /* Array.swift in Sources */,
				E069BFFB4544FF6B7ABBF82E /* PhotoProvider.swift in Sources */,
				E069B96149E22AA68F8B4756 /* RealmPhotoCache.swift in Sources */,
				8654A038284D4662001DE15C /* ViewExtension.swift in Sources */,
				E069B22FC2074A659A5F07C3 /* ImageProvider.swift in Sources */,
				E069B10EE748B13DB1D493F2 /* MainView.swift in Sources */,
				86F16E2D28590C11004B929D /* DirectView.swift in Sources */,
				E069BCC66C3EC19B627E5B4A /* MomentApp.swift in Sources */,
				8654A03E284D4FF7001DE15C /* User.swift in Sources */,
				86F16E33285917BE004B929D /* DateExtension.swift in Sources */,
				E069B5E586BDA78479253CDE /* LoginView.swift in Sources */,
				E069BE095BD02EC81E41B092 /* Model.swift in Sources */,
				E069BA461BA800E0CB4F422E /* PostCell.swift in Sources */,
				86F16E3728592027004B929D /* ChatViewModel.swift in Sources */,
				E069B58057E9982614EDC0A2 /* PinchToZoomExtension.swift in Sources */,
			);
			runOnlyForDeploymentPostprocessing = 0;
		};
/* End PBXSourcesBuildPhase section */

/* Begin XCBuildConfiguration section */
		8656434B27E112FD0033FD01 /* Debug */ = {
			isa = XCBuildConfiguration;
			buildSettings = {
				ALWAYS_SEARCH_USER_PATHS = NO;
				CLANG_ANALYZER_NONNULL = YES;
				CLANG_ANALYZER_NUMBER_OBJECT_CONVERSION = YES_AGGRESSIVE;
				CLANG_CXX_LANGUAGE_STANDARD = "gnu++17";
				CLANG_ENABLE_MODULES = YES;
				CLANG_ENABLE_OBJC_ARC = YES;
				CLANG_ENABLE_OBJC_WEAK = YES;
				CLANG_WARN_BLOCK_CAPTURE_AUTORELEASING = YES;
				CLANG_WARN_BOOL_CONVERSION = YES;
				CLANG_WARN_COMMA = YES;
				CLANG_WARN_CONSTANT_CONVERSION = YES;
				CLANG_WARN_DEPRECATED_OBJC_IMPLEMENTATIONS = YES;
				CLANG_WARN_DIRECT_OBJC_ISA_USAGE = YES_ERROR;
				CLANG_WARN_DOCUMENTATION_COMMENTS = YES;
				CLANG_WARN_EMPTY_BODY = YES;
				CLANG_WARN_ENUM_CONVERSION = YES;
				CLANG_WARN_INFINITE_RECURSION = YES;
				CLANG_WARN_INT_CONVERSION = YES;
				CLANG_WARN_NON_LITERAL_NULL_CONVERSION = YES;
				CLANG_WARN_OBJC_IMPLICIT_RETAIN_SELF = YES;
				CLANG_WARN_OBJC_LITERAL_CONVERSION = YES;
				CLANG_WARN_OBJC_ROOT_CLASS = YES_ERROR;
				CLANG_WARN_QUOTED_INCLUDE_IN_FRAMEWORK_HEADER = YES;
				CLANG_WARN_RANGE_LOOP_ANALYSIS = YES;
				CLANG_WARN_STRICT_PROTOTYPES = YES;
				CLANG_WARN_SUSPICIOUS_MOVE = YES;
				CLANG_WARN_UNGUARDED_AVAILABILITY = YES_AGGRESSIVE;
				CLANG_WARN_UNREACHABLE_CODE = YES;
				CLANG_WARN__DUPLICATE_METHOD_MATCH = YES;
				COPY_PHASE_STRIP = NO;
				DEBUG_INFORMATION_FORMAT = dwarf;
				ENABLE_STRICT_OBJC_MSGSEND = YES;
				ENABLE_TESTABILITY = YES;
				GCC_C_LANGUAGE_STANDARD = gnu11;
				GCC_DYNAMIC_NO_PIC = NO;
				GCC_NO_COMMON_BLOCKS = YES;
				GCC_OPTIMIZATION_LEVEL = 0;
				GCC_PREPROCESSOR_DEFINITIONS = (
					"DEBUG=1",
					"$(inherited)",
				);
				GCC_WARN_64_TO_32_BIT_CONVERSION = YES;
				GCC_WARN_ABOUT_RETURN_TYPE = YES_ERROR;
				GCC_WARN_UNDECLARED_SELECTOR = YES;
				GCC_WARN_UNINITIALIZED_AUTOS = YES_AGGRESSIVE;
				GCC_WARN_UNUSED_FUNCTION = YES;
				GCC_WARN_UNUSED_VARIABLE = YES;
				IPHONEOS_DEPLOYMENT_TARGET = 14.0;
				MTL_ENABLE_DEBUG_INFO = INCLUDE_SOURCE;
				MTL_FAST_MATH = YES;
				ONLY_ACTIVE_ARCH = YES;
				SDKROOT = iphoneos;
				SWIFT_ACTIVE_COMPILATION_CONDITIONS = DEBUG;
				SWIFT_OPTIMIZATION_LEVEL = "-Onone";
			};
			name = Debug;
		};
		8656434C27E112FD0033FD01 /* Release */ = {
			isa = XCBuildConfiguration;
			buildSettings = {
				ALWAYS_SEARCH_USER_PATHS = NO;
				CLANG_ANALYZER_NONNULL = YES;
				CLANG_ANALYZER_NUMBER_OBJECT_CONVERSION = YES_AGGRESSIVE;
				CLANG_CXX_LANGUAGE_STANDARD = "gnu++17";
				CLANG_ENABLE_MODULES = YES;
				CLANG_ENABLE_OBJC_ARC = YES;
				CLANG_ENABLE_OBJC_WEAK = YES;
				CLANG_WARN_BLOCK_CAPTURE_AUTORELEASING = YES;
				CLANG_WARN_BOOL_CONVERSION = YES;
				CLANG_WARN_COMMA = YES;
				CLANG_WARN_CONSTANT_CONVERSION = YES;
				CLANG_WARN_DEPRECATED_OBJC_IMPLEMENTATIONS = YES;
				CLANG_WARN_DIRECT_OBJC_ISA_USAGE = YES_ERROR;
				CLANG_WARN_DOCUMENTATION_COMMENTS = YES;
				CLANG_WARN_EMPTY_BODY = YES;
				CLANG_WARN_ENUM_CONVERSION = YES;
				CLANG_WARN_INFINITE_RECURSION = YES;
				CLANG_WARN_INT_CONVERSION = YES;
				CLANG_WARN_NON_LITERAL_NULL_CONVERSION = YES;
				CLANG_WARN_OBJC_IMPLICIT_RETAIN_SELF = YES;
				CLANG_WARN_OBJC_LITERAL_CONVERSION = YES;
				CLANG_WARN_OBJC_ROOT_CLASS = YES_ERROR;
				CLANG_WARN_QUOTED_INCLUDE_IN_FRAMEWORK_HEADER = YES;
				CLANG_WARN_RANGE_LOOP_ANALYSIS = YES;
				CLANG_WARN_STRICT_PROTOTYPES = YES;
				CLANG_WARN_SUSPICIOUS_MOVE = YES;
				CLANG_WARN_UNGUARDED_AVAILABILITY = YES_AGGRESSIVE;
				CLANG_WARN_UNREACHABLE_CODE = YES;
				CLANG_WARN__DUPLICATE_METHOD_MATCH = YES;
				COPY_PHASE_STRIP = NO;
				DEBUG_INFORMATION_FORMAT = "dwarf-with-dsym";
				ENABLE_NS_ASSERTIONS = NO;
				ENABLE_STRICT_OBJC_MSGSEND = YES;
				GCC_C_LANGUAGE_STANDARD = gnu11;
				GCC_NO_COMMON_BLOCKS = YES;
				GCC_WARN_64_TO_32_BIT_CONVERSION = YES;
				GCC_WARN_ABOUT_RETURN_TYPE = YES_ERROR;
				GCC_WARN_UNDECLARED_SELECTOR = YES;
				GCC_WARN_UNINITIALIZED_AUTOS = YES_AGGRESSIVE;
				GCC_WARN_UNUSED_FUNCTION = YES;
				GCC_WARN_UNUSED_VARIABLE = YES;
				IPHONEOS_DEPLOYMENT_TARGET = 14.0;
				MTL_ENABLE_DEBUG_INFO = NO;
				MTL_FAST_MATH = YES;
				SDKROOT = iphoneos;
				SWIFT_COMPILATION_MODE = wholemodule;
				SWIFT_OPTIMIZATION_LEVEL = "-O";
				VALIDATE_PRODUCT = YES;
			};
			name = Release;
		};
		8656434E27E112FD0033FD01 /* Debug */ = {
			isa = XCBuildConfiguration;
			buildSettings = {
				ASSETCATALOG_COMPILER_APPICON_NAME = AppIcon;
				ASSETCATALOG_COMPILER_GLOBAL_ACCENT_COLOR_NAME = AccentColor;
				CODE_SIGN_STYLE = Automatic;
				CURRENT_PROJECT_VERSION = 1;
				DEVELOPMENT_TEAM = 483TSH5L3U;
				GENERATE_INFOPLIST_FILE = YES;
				INFOPLIST_FILE = moment/Info.plist;
				INFOPLIST_KEY_CFBundleDisplayName = Moment;
				INFOPLIST_KEY_NSCameraUsageDescription = "Camera access is required for photo picker";
				INFOPLIST_KEY_NSMicrophoneUsageDescription = "Microphone access is required for video picker";
				INFOPLIST_KEY_NSPhotoLibraryUsageDescription = "Library access is required for photo picker";
				INFOPLIST_KEY_UIApplicationSupportsIndirectInputEvents = YES;
				INFOPLIST_KEY_UILaunchStoryboardName = LaunchScreen;
				INFOPLIST_KEY_UISupportedInterfaceOrientations = UIInterfaceOrientationPortrait;
				INFOPLIST_KEY_UISupportedInterfaceOrientations_iPad = "UIInterfaceOrientationPortrait UIInterfaceOrientationPortraitUpsideDown UIInterfaceOrientationLandscapeLeft UIInterfaceOrientationLandscapeRight";
				INFOPLIST_KEY_UISupportedInterfaceOrientations_iPhone = "UIInterfaceOrientationPortrait UIInterfaceOrientationLandscapeLeft UIInterfaceOrientationLandscapeRight";
				IPHONEOS_DEPLOYMENT_TARGET = 14.0;
				LD_RUNPATH_SEARCH_PATHS = (
					"$(inherited)",
					"@executable_path/Frameworks",
				);
				MARKETING_VERSION = 1.0;
				PRODUCT_BUNDLE_IDENTIFIER = org.sefran.moment;
				PRODUCT_NAME = "$(TARGET_NAME)";
				SWIFT_EMIT_LOC_STRINGS = YES;
				SWIFT_VERSION = 5.0;
				TARGETED_DEVICE_FAMILY = 1;
			};
			name = Debug;
		};
		8656434F27E112FD0033FD01 /* Release */ = {
			isa = XCBuildConfiguration;
			buildSettings = {
				ASSETCATALOG_COMPILER_APPICON_NAME = AppIcon;
				ASSETCATALOG_COMPILER_GLOBAL_ACCENT_COLOR_NAME = AccentColor;
				CODE_SIGN_STYLE = Automatic;
				CURRENT_PROJECT_VERSION = 1;
				DEVELOPMENT_TEAM = 483TSH5L3U;
				GENERATE_INFOPLIST_FILE = YES;
				INFOPLIST_FILE = moment/Info.plist;
				INFOPLIST_KEY_CFBundleDisplayName = Moment;
				INFOPLIST_KEY_NSCameraUsageDescription = "Camera access is required for photo picker";
				INFOPLIST_KEY_NSMicrophoneUsageDescription = "Microphone access is required for video picker";
				INFOPLIST_KEY_NSPhotoLibraryUsageDescription = "Library access is required for photo picker";
				INFOPLIST_KEY_UIApplicationSupportsIndirectInputEvents = YES;
				INFOPLIST_KEY_UILaunchStoryboardName = LaunchScreen;
				INFOPLIST_KEY_UISupportedInterfaceOrientations = UIInterfaceOrientationPortrait;
				INFOPLIST_KEY_UISupportedInterfaceOrientations_iPad = "UIInterfaceOrientationPortrait UIInterfaceOrientationPortraitUpsideDown UIInterfaceOrientationLandscapeLeft UIInterfaceOrientationLandscapeRight";
				INFOPLIST_KEY_UISupportedInterfaceOrientations_iPhone = "UIInterfaceOrientationPortrait UIInterfaceOrientationLandscapeLeft UIInterfaceOrientationLandscapeRight";
				IPHONEOS_DEPLOYMENT_TARGET = 14.0;
				LD_RUNPATH_SEARCH_PATHS = (
					"$(inherited)",
					"@executable_path/Frameworks",
				);
				MARKETING_VERSION = 1.0;
				PRODUCT_BUNDLE_IDENTIFIER = org.sefran.moment;
				PRODUCT_NAME = "$(TARGET_NAME)";
				SWIFT_EMIT_LOC_STRINGS = YES;
				SWIFT_VERSION = 5.0;
				TARGETED_DEVICE_FAMILY = 1;
			};
			name = Release;
		};
/* End XCBuildConfiguration section */

/* Begin XCConfigurationList section */
		8656433427E112FD0033FD01 /* Build configuration list for PBXProject "moment" */ = {
			isa = XCConfigurationList;
			buildConfigurations = (
				8656434B27E112FD0033FD01 /* Debug */,
				8656434C27E112FD0033FD01 /* Release */,
			);
			defaultConfigurationIsVisible = 0;
			defaultConfigurationName = Release;
		};
		8656434D27E112FD0033FD01 /* Build configuration list for PBXNativeTarget "moment" */ = {
			isa = XCConfigurationList;
			buildConfigurations = (
				8656434E27E112FD0033FD01 /* Debug */,
				8656434F27E112FD0033FD01 /* Release */,
			);
			defaultConfigurationIsVisible = 0;
			defaultConfigurationName = Release;
		};
/* End XCConfigurationList section */

/* Begin XCRemoteSwiftPackageReference section */
		866A0726283ACEBB00CD4531 /* XCRemoteSwiftPackageReference "DITranquillity" */ = {
			isa = XCRemoteSwiftPackageReference;
			repositoryURL = "https://github.com/ivlevAstef/DITranquillity";
			requirement = {
				branch = master;
				kind = branch;
			};
		};
		86AB6D6E285142F60098F95A /* XCRemoteSwiftPackageReference "ASCollectionView" */ = {
			isa = XCRemoteSwiftPackageReference;
			repositoryURL = "https://github.com/apptekstudios/ASCollectionView";
			requirement = {
				kind = upToNextMajorVersion;
				minimumVersion = 2.0.0;
			};
		};
		86AB7533282462DD0022ADA2 /* XCRemoteSwiftPackageReference "realm-swift" */ = {
			isa = XCRemoteSwiftPackageReference;
			repositoryURL = "https://github.com/realm/realm-swift.git";
			requirement = {
				branch = master;
				kind = branch;
			};
		};
		86AED5F228134BE5002B43CD /* XCRemoteSwiftPackageReference "firebase-ios-sdk" */ = {
			isa = XCRemoteSwiftPackageReference;
			repositoryURL = "https://github.com/firebase/firebase-ios-sdk";
			requirement = {
				branch = master;
				kind = branch;
			};
		};
		86AED5F928187901002B43CD /* XCRemoteSwiftPackageReference "firebase-ios-sdk" */ = {
			isa = XCRemoteSwiftPackageReference;
			repositoryURL = "https://github.com/firebase/firebase-ios-sdk";
			requirement = {
				branch = master;
				kind = branch;
			};
		};
		86AED5FE28195881002B43CD /* XCRemoteSwiftPackageReference "DITranquillity" */ = {
			isa = XCRemoteSwiftPackageReference;
			repositoryURL = "https://github.com/ivlevAstef/DITranquillity";
			requirement = {
				branch = master;
				kind = branch;
			};
		};
		86AED60128198E4E002B43CD /* XCRemoteSwiftPackageReference "firebase-ios-sdk" */ = {
			isa = XCRemoteSwiftPackageReference;
			repositoryURL = "https://github.com/firebase/firebase-ios-sdk";
			requirement = {
				branch = master;
				kind = branch;
			};
		};
		86AED604281B1478002B43CD /* XCRemoteSwiftPackageReference "YPImagePicker" */ = {
			isa = XCRemoteSwiftPackageReference;
			repositoryURL = "https://github.com/Yummypets/YPImagePicker.git";
			requirement = {
				kind = upToNextMajorVersion;
				minimumVersion = 5.0.0;
			};
		};
		86F16E3A285A3C04004B929D /* XCRemoteSwiftPackageReference "SwiftUI-Introspect" */ = {
			isa = XCRemoteSwiftPackageReference;
			repositoryURL = "https://github.com/siteline/SwiftUI-Introspect.git";
			requirement = {
				kind = upToNextMajorVersion;
				minimumVersion = 0.1.4;
			};
		};
/* End XCRemoteSwiftPackageReference section */

/* Begin XCSwiftPackageProductDependency section */
		866A0727283ACEBB00CD4531 /* DITranquillity */ = {
			isa = XCSwiftPackageProductDependency;
			package = 86AED5FE28195881002B43CD /* XCRemoteSwiftPackageReference "DITranquillity" */;
			productName = DITranquillity;
		};
		86AB6D6F285142F60098F95A /* ASCollectionView */ = {
			isa = XCSwiftPackageProductDependency;
			package = 86AB6D6E285142F60098F95A /* XCRemoteSwiftPackageReference "ASCollectionView" */;
			productName = ASCollectionView;
		};
		86AB7534282462DD0022ADA2 /* Realm */ = {
			isa = XCSwiftPackageProductDependency;
			package = 86AB7533282462DD0022ADA2 /* XCRemoteSwiftPackageReference "realm-swift" */;
			productName = Realm;
		};
		86AB7536282462DD0022ADA2 /* RealmSwift */ = {
			isa = XCSwiftPackageProductDependency;
			package = 86AB7533282462DD0022ADA2 /* XCRemoteSwiftPackageReference "realm-swift" */;
			productName = RealmSwift;
		};
		86AED5F328134BE5002B43CD /* FirebaseAuth */ = {
			isa = XCSwiftPackageProductDependency;
			package = 86AED5F228134BE5002B43CD /* XCRemoteSwiftPackageReference "firebase-ios-sdk" */;
			productName = FirebaseAuth;
		};
		86AED5F528134BE5002B43CD /* FirebaseFirestore */ = {
			isa = XCSwiftPackageProductDependency;
			package = 86AED5F228134BE5002B43CD /* XCRemoteSwiftPackageReference "firebase-ios-sdk" */;
			productName = FirebaseFirestore;
		};
		86AED5F728134BE5002B43CD /* FirebaseFirestoreSwift */ = {
			isa = XCSwiftPackageProductDependency;
			package = 86AED5F228134BE5002B43CD /* XCRemoteSwiftPackageReference "firebase-ios-sdk" */;
			productName = FirebaseFirestoreSwift;
		};
		86AED5FA28187901002B43CD /* FirebaseFirestore */ = {
			isa = XCSwiftPackageProductDependency;
			package = 86AED5F228134BE5002B43CD /* XCRemoteSwiftPackageReference "firebase-ios-sdk" */;
			productName = FirebaseFirestore;
		};
		86AED5FC28187901002B43CD /* FirebaseFirestoreSwift */ = {
			isa = XCSwiftPackageProductDependency;
			package = 86AED5F228134BE5002B43CD /* XCRemoteSwiftPackageReference "firebase-ios-sdk" */;
			productName = FirebaseFirestoreSwift;
		};
		86AED5FF28195881002B43CD /* DITranquillity */ = {
			isa = XCSwiftPackageProductDependency;
			package = 86AED5FE28195881002B43CD /* XCRemoteSwiftPackageReference "DITranquillity" */;
			productName = DITranquillity;
		};
		86AED60228198E4E002B43CD /* FirebaseStorage */ = {
			isa = XCSwiftPackageProductDependency;
			package = 86AED5F228134BE5002B43CD /* XCRemoteSwiftPackageReference "firebase-ios-sdk" */;
			productName = FirebaseStorage;
		};
		86AED605281B1478002B43CD /* YPImagePicker */ = {
			isa = XCSwiftPackageProductDependency;
			package = 86AED604281B1478002B43CD /* XCRemoteSwiftPackageReference "YPImagePicker" */;
			productName = YPImagePicker;
		};
		86F16E3B285A3C04004B929D /* Introspect */ = {
			isa = XCSwiftPackageProductDependency;
			package = 86F16E3A285A3C04004B929D /* XCRemoteSwiftPackageReference "SwiftUI-Introspect" */;
			productName = Introspect;
		};
/* End XCSwiftPackageProductDependency section */
	};
	rootObject = 8656433127E112FD0033FD01 /* Project object */;
}
